{
  "name": "intelligo-simulator",
  "version": "0.0.0",
  "lockfileVersion": 1,
  "requires": true,
  "dependencies": {
    "@agm/core": {
      "version": "1.0.0-beta.6",
      "resolved": "https://registry.npmjs.org/@agm/core/-/core-1.0.0-beta.6.tgz",
      "integrity": "sha512-Bf6azUVIZYwgUWUNISaENh38D17XJxgKU7m1TNTrP+sIgYjPrjEON8mxoGnYI8B7PBbdaWl6RPV/FcrEfSG9Ng=="
    },
    "@angular/cdk": {
      "version": "8.0.1",
      "resolved": "https://registry.npmjs.org/@angular/cdk/-/cdk-8.0.1.tgz",
      "integrity": "sha512-Ul7rVU/rr4qGHs1w24P/6MHEosYp8AHRxBHrp/yJ50eHbHVS31FyfO8gKfNqPc1bnL1YoYYCs0hIBwNDaz8uDg==",
      "requires": {
        "parse5": "^5.0.0",
        "tslib": "^1.7.1"
      },
      "dependencies": {
        "tslib": {
          "version": "1.10.0",
          "resolved": "https://registry.npmjs.org/tslib/-/tslib-1.10.0.tgz",
          "integrity": "sha512-qOebF53frne81cf0S9B41ByenJ3/IuH8yJKngAX35CmiZySA0khhkovshKK+jGCaMnVomla7gVlIcc3EvKPbTQ=="
        }
      }
    },
    "parse5": {
      "version": "5.1.0",
      "resolved": "https://registry.npmjs.org/parse5/-/parse5-5.1.0.tgz",
      "integrity": "sha512-fxNG2sQjHvlVAYmzBZS9YlDp6PTSSDwa98vkD4QgVDDCAo84z5X1t5XyJQ62ImdLXx5NdIIfihey6xpum9/gRQ==",
      "optional": true
    }
  }
}
